{
    "requires": true,
    "lockfileVersion": 1,
    "dependencies": {
        "@algolia/cache-browser-local-storage": {
            "version": "4.8.6",
            "resolved": "https://registry.npmjs.org/@algolia/cache-browser-local-storage/-/cache-browser-local-storage-4.8.6.tgz",
            "integrity": "sha512-Bam7otzjIEgrRXWmk0Amm1+B3ROI5dQnUfJEBjIy0YPM0kMahEoJXCw6160tGKxJLl1g6icoC953nGshQKO7cA==",
            "requires": {
                "@algolia/cache-common": "4.8.6"
            }
        },
        "@algolia/cache-common": {
            "version": "4.8.6",
            "resolved": "https://registry.npmjs.org/@algolia/cache-common/-/cache-common-4.8.6.tgz",
            "integrity": "sha512-eGQlsXU5G7n4RvV/K6qe6lRAeL6EKAYPT3yZDBjCW4pAh7JWta+77a7BwUQkTqXN1MEQWZXjex3E4z/vFpzNrg=="
        },
        "@algolia/cache-in-memory": {
            "version": "4.8.6",
            "resolved": "https://registry.npmjs.org/@algolia/cache-in-memory/-/cache-in-memory-4.8.6.tgz",
            "integrity": "sha512-kbJrvCFANxL/l5Pq1NFyHLRphKDwmqcD/OJga0IbNKEulRGDPkt1+pC7/q8d2ikP12adBjLLg2CVias9RJpIaw==",
            "requires": {
                "@algolia/cache-common": "4.8.6"
            }
        },
        "@algolia/client-account": {
            "version": "4.8.6",
            "resolved": "https://registry.npmjs.org/@algolia/client-account/-/client-account-4.8.6.tgz",
            "integrity": "sha512-FQVJE/BgCb78jtG7V0r30sMl9P5JKsrsOacGtGF2YebqI0YF25y8Z1nO39lbdjahxUS3QkDw2d0P2EVMj65g2Q==",
            "requires": {
                "@algolia/client-common": "4.8.6",
                "@algolia/client-search": "4.8.6",
                "@algolia/transporter": "4.8.6"
            }
        },
        "@algolia/client-analytics": {
            "version": "4.8.6",
            "resolved": "https://registry.npmjs.org/@algolia/client-analytics/-/client-analytics-4.8.6.tgz",
            "integrity": "sha512-ZBYFUlzNaWDFtt0rYHI7xbfVX0lPWU9lcEEXI/BlnkRgEkm247H503tNatPQFA1YGkob52EU18sV1eJ+OFRBLA==",
            "requires": {
                "@algolia/client-common": "4.8.6",
                "@algolia/client-search": "4.8.6",
                "@algolia/requester-common": "4.8.6",
                "@algolia/transporter": "4.8.6"
            }
        },
        "@algolia/client-common": {
            "version": "4.8.6",
            "resolved": "https://registry.npmjs.org/@algolia/client-common/-/client-common-4.8.6.tgz",
            "integrity": "sha512-8dI+K3Nvbes2YRZm2LY7bdCUD05e60BhacrMLxFuKxnBGuNehME1wbxq/QxcG1iNFJlxLIze5TxIcNN3+pn76g==",
            "requires": {
                "@algolia/requester-common": "4.8.6",
                "@algolia/transporter": "4.8.6"
            }
        },
        "@algolia/client-recommendation": {
            "version": "4.8.6",
            "resolved": "https://registry.npmjs.org/@algolia/client-recommendation/-/client-recommendation-4.8.6.tgz",
            "integrity": "sha512-Kg8DpjwvaWWujNx6sAUrSL+NTHxFe/UNaliCcSKaMhd3+FiPXN+CrSkO0KWR7I+oK2qGBTG/2Y0BhFOJ5/B/RA==",
            "requires": {
                "@algolia/client-common": "4.8.6",
                "@algolia/requester-common": "4.8.6",
                "@algolia/transporter": "4.8.6"
            }
        },
        "@algolia/client-search": {
            "version": "4.8.6",
            "resolved": "https://registry.npmjs.org/@algolia/client-search/-/client-search-4.8.6.tgz",
            "integrity": "sha512-vXLS6umL/9G3bwqc6pkrS9K5/s8coq55mpfRARL+bs0NsToOf77WSTdwzlxv/KdbVF7dHjXgUpBvJ6RyR4ZdAw==",
            "requires": {
                "@algolia/client-common": "4.8.6",
                "@algolia/requester-common": "4.8.6",
                "@algolia/transporter": "4.8.6"
            }
        },
        "@algolia/logger-common": {
            "version": "4.8.6",
            "resolved": "https://registry.npmjs.org/@algolia/logger-common/-/logger-common-4.8.6.tgz",
            "integrity": "sha512-FMRxZGdDxSzd0/Mv0R1021FvUt0CcbsQLYeyckvSWX8w+Uk4o0lcV6UtZdERVR5XZsGOqoXLMIYDbR2vkbGbVw=="
        },
        "@algolia/logger-console": {
            "version": "4.8.6",
            "resolved": "https://registry.npmjs.org/@algolia/logger-console/-/logger-console-4.8.6.tgz",
            "integrity": "sha512-TYw9lwUCjvApC6Z0zn36T6gkCl7hbfJmnU+Z/D8pFJ3Yp7lz06S3oWGjbdrULrYP1w1VOhjd0X7/yGNsMhzutQ==",
            "requires": {
                "@algolia/logger-common": "4.8.6"
            }
        },
        "@algolia/requester-browser-xhr": {
            "version": "4.8.6",
            "resolved": "https://registry.npmjs.org/@algolia/requester-browser-xhr/-/requester-browser-xhr-4.8.6.tgz",
            "integrity": "sha512-omh6uJ3CJXOmcrU9M3/KfGg8XkUuGJGIMkqEbkFvIebpBJxfs6TVs0ziNeMFAcAfhi8/CGgpLbDSgJtWdGQa6w==",
            "requires": {
                "@algolia/requester-common": "4.8.6"
            }
        },
        "@algolia/requester-common": {
            "version": "4.8.6",
            "resolved": "https://registry.npmjs.org/@algolia/requester-common/-/requester-common-4.8.6.tgz",
            "integrity": "sha512-r5xJqq/D9KACkI5DgRbrysVL5DUUagikpciH0k0zjBbm+cXiYfpmdflo/h6JnY6kmvWgjr/4DoeTjKYb/0deAQ=="
        },
        "@algolia/requester-node-http": {
            "version": "4.8.6",
            "resolved": "https://registry.npmjs.org/@algolia/requester-node-http/-/requester-node-http-4.8.6.tgz",
            "integrity": "sha512-TB36OqTVOKyHCOtdxhn/IJyI/NXi/BWy8IEbsiWwwZWlL79NWHbetj49jXWFolEYEuu8PgDjjZGpRhypSuO9XQ==",
            "requires": {
                "@algolia/requester-common": "4.8.6"
            }
        },
        "@algolia/transporter": {
            "version": "4.8.6",
            "resolved": "https://registry.npmjs.org/@algolia/transporter/-/transporter-4.8.6.tgz",
            "integrity": "sha512-NRb31J0TP7EPoVMpXZ4yAtr61d26R8KGaf6qdULknvq5sOVHuuH4PwmF08386ERfIsgnM/OBhl+uzwACdCIjSg==",
            "requires": {
                "@algolia/cache-common": "4.8.6",
                "@algolia/logger-common": "4.8.6",
                "@algolia/requester-common": "4.8.6"
            }
        },
        "@types/googlemaps": {
            "version": "3.43.3",
            "resolved": "https://registry.npmjs.org/@types/googlemaps/-/googlemaps-3.43.3.tgz",
            "integrity": "sha512-ZWNoz/O8MPEpiajvj7QiqCY8tTLFNqNZ/a+s+zTV58wFVNAvvqV4bdGfnsjTb5Cs4V6wEsLrX8XRhmnyYJ2Tdg=="
        },
        "abbrev": {
            "version": "1.1.1",
            "resolved": "https://registry.npmjs.org/abbrev/-/abbrev-1.1.1.tgz",
            "integrity": "sha512-nne9/IiQ/hzIhY6pdDnbBtz7DjPTKrY00P/zvPSm5pOFkl6xuGrGnXn/VtTNNfNtAfZ9/1RtehkszU9qcTii0Q=="
        },
        "algoliasearch": {
            "version": "4.8.6",
            "resolved": "https://registry.npmjs.org/algoliasearch/-/algoliasearch-4.8.6.tgz",
            "integrity": "sha512-G8IA3lcgaQB4r9HuQ4G+uSFjjz0Wv2OgEPiQ8emA+G2UUlroOfMl064j1bq/G+QTW0LmTQp9JwrFDRWxFM9J7w==",
            "requires": {
                "@algolia/cache-browser-local-storage": "4.8.6",
                "@algolia/cache-common": "4.8.6",
                "@algolia/cache-in-memory": "4.8.6",
                "@algolia/client-account": "4.8.6",
                "@algolia/client-analytics": "4.8.6",
                "@algolia/client-common": "4.8.6",
                "@algolia/client-recommendation": "4.8.6",
                "@algolia/client-search": "4.8.6",
                "@algolia/logger-common": "4.8.6",
                "@algolia/logger-console": "4.8.6",
                "@algolia/requester-browser-xhr": "4.8.6",
                "@algolia/requester-common": "4.8.6",
                "@algolia/requester-node-http": "4.8.6",
                "@algolia/transporter": "4.8.6"
            }
        },
        "algoliasearch-helper": {
            "version": "3.4.4",
            "resolved": "https://registry.npmjs.org/algoliasearch-helper/-/algoliasearch-helper-3.4.4.tgz",
            "integrity": "sha512-OjyVLjykaYKCMxxRMZNiwLp8CS310E0qAeIY2NaublcmLAh8/SL19+zYHp7XCLtMem2ZXwl3ywMiA32O9jszuw==",
            "requires": {
                "events": "^1.1.1"
            }
        },
        "call-bind": {
            "version": "1.0.2",
            "resolved": "https://registry.npmjs.org/call-bind/-/call-bind-1.0.2.tgz",
            "integrity": "sha512-7O+FbCihrB5WGbFYesctwmTKae6rOiIzmz1icreWJ+0aA7LJfuqhEso2T9ncpcFtzMQtzXf2QGGueWJGTYsqrA==",
            "requires": {
                "function-bind": "^1.1.1",
                "get-intrinsic": "^1.0.2"
            }
        },
        "classnames": {
            "version": "2.2.6",
            "resolved": "https://registry.npmjs.org/classnames/-/classnames-2.2.6.tgz",
            "integrity": "sha512-JR/iSQOSt+LQIWwrwEzJ9uk0xfN3mTVYMwt1Ir5mUcSN6pU+V4zQFFaJsclJbPuAUQH+yfWef6tm7l1quW3C8Q=="
        },
        "events": {
            "version": "1.1.1",
            "resolved": "https://registry.npmjs.org/events/-/events-1.1.1.tgz",
            "integrity": "sha1-nr23Y1rQmccNzEwqH1AEKI6L2SQ="
        },
        "function-bind": {
            "version": "1.1.1",
            "resolved": "https://registry.npmjs.org/function-bind/-/function-bind-1.1.1.tgz",
            "integrity": "sha512-yIovAzMX49sF8Yl58fSCWJ5svSLuaibPxXQJFLmBObTuCr0Mf1KiPopGM9NiFjiYBCbfaa2Fh6breQ6ANVTI0A=="
        },
        "get-intrinsic": {
            "version": "1.1.1",
            "resolved": "https://registry.npmjs.org/get-intrinsic/-/get-intrinsic-1.1.1.tgz",
            "integrity": "sha512-kWZrnVM42QCiEA2Ig1bG8zjoIMOgxWwYCEeNdwY6Tv/cOSeGpcoX4pXHfKUxNKVoArnrEr2e9srnAxxGIraS9Q==",
            "requires": {
                "function-bind": "^1.1.1",
                "has": "^1.0.3",
                "has-symbols": "^1.0.1"
            }
        },
        "has": {
            "version": "1.0.3",
            "resolved": "https://registry.npmjs.org/has/-/has-1.0.3.tgz",
            "integrity": "sha512-f2dvO0VU6Oej7RkWJGrehjbzMAjFp5/VKPp5tTpWIV4JHHZK1/BxbFRtf/siA2SWTe09caDmVtYYzWEIbBS4zw==",
            "requires": {
                "function-bind": "^1.1.1"
            }
        },
        "has-symbols": {
            "version": "1.0.2",
            "resolved": "https://registry.npmjs.org/has-symbols/-/has-symbols-1.0.2.tgz",
            "integrity": "sha512-chXa79rL/UC2KlX17jo3vRGz0azaWEx5tGqZg5pO3NUyEJVB17dMruQlzCCOfUvElghKcm5194+BCRvi2Rv/Gw=="
        },
        "hogan.js": {
            "version": "3.0.2",
            "resolved": "https://registry.npmjs.org/hogan.js/-/hogan.js-3.0.2.tgz",
            "integrity": "sha1-TNnhq9QpQUbnZ55B14mHMrAse/0=",
            "requires": {
                "mkdirp": "0.3.0",
                "nopt": "1.0.10"
            }
        },
        "instantsearch.js": {
            "version": "4.19.0",
            "resolved": "https://registry.npmjs.org/instantsearch.js/-/instantsearch.js-4.19.0.tgz",
            "integrity": "sha512-zPH3ekiG5TGZeZkxLBZuXm7KWayHCLELtxYlg1NUYQKHICg2FL/GZs9uHUCpdzFUwHNF+HWNQzBKcycz4STMRg==",
            "requires": {
                "@types/googlemaps": "^3.39.6",
                "algoliasearch-helper": "^3.4.4",
                "classnames": "^2.2.5",
                "events": "^1.1.0",
                "hogan.js": "^3.0.2",
                "preact": "^10.0.0",
                "prop-types": "^15.5.10",
                "qs": "^6.5.1"
            }
        },
        "js-tokens": {
            "version": "4.0.0",
            "resolved": "https://registry.npmjs.org/js-tokens/-/js-tokens-4.0.0.tgz",
            "integrity": "sha512-RdJUflcE3cUzKiMqQgsCu06FPu9UdIJO0beYbPhHN4k6apgJtifcoCtT9bcxOpYBtpD2kCM6Sbzg4CausW/PKQ=="
        },
        "loose-envify": {
            "version": "1.4.0",
            "resolved": "https://registry.npmjs.org/loose-envify/-/loose-envify-1.4.0.tgz",
            "integrity": "sha512-lyuxPGr/Wfhrlem2CL/UcnUc1zcqKAImBDzukY7Y5F/yQiNdko6+fRLevlw1HgMySw7f611UIY408EtxRSoK3Q==",
            "requires": {
                "js-tokens": "^3.0.0 || ^4.0.0"
            }
        },
        "mkdirp": {
            "version": "0.3.0",
            "resolved": "https://registry.npmjs.org/mkdirp/-/mkdirp-0.3.0.tgz",
            "integrity": "sha1-G79asbqCevI1dRQ0kEJkVfSB/h4="
        },
        "nopt": {
            "version": "1.0.10",
            "resolved": "https://registry.npmjs.org/nopt/-/nopt-1.0.10.tgz",
            "integrity": "sha1-bd0hvSoxQXuScn3Vhfim83YI6+4=",
            "requires": {
                "abbrev": "1"
            }
        },
        "object-assign": {
            "version": "4.1.1",
            "resolved": "https://registry.npmjs.org/object-assign/-/object-assign-4.1.1.tgz",
            "integrity": "sha1-IQmtx5ZYh8/AXLvUQsrIv7s2CGM="
        },
        "object-inspect": {
            "version": "1.9.0",
            "resolved": "https://registry.npmjs.org/object-inspect/-/object-inspect-1.9.0.tgz",
            "integrity": "sha512-i3Bp9iTqwhaLZBxGkRfo5ZbE07BQRT7MGu8+nNgwW9ItGp1TzCTw2DLEoWwjClxBjOFI/hWljTAmYGCEwmtnOw=="
        },
        "preact": {
            "version": "10.5.13",
            "resolved": "https://registry.npmjs.org/preact/-/preact-10.5.13.tgz",
            "integrity": "sha512-q/vlKIGNwzTLu+jCcvywgGrt+H/1P/oIRSD6mV4ln3hmlC+Aa34C7yfPI4+5bzW8pONyVXYS7SvXosy2dKKtWQ=="
        },
        "prop-types": {
            "version": "15.7.2",
            "resolved": "https://registry.npmjs.org/prop-types/-/prop-types-15.7.2.tgz",
            "integrity": "sha512-8QQikdH7//R2vurIJSutZ1smHYTcLpRWEOlHnzcWHmBYrOGUysKwSsrC89BCiFj3CbrfJ/nXFdJepOVrY1GCHQ==",
            "requires": {
                "loose-envify": "^1.4.0",
                "object-assign": "^4.1.1",
                "react-is": "^16.8.1"
            }
        },
        "qs": {
            "version": "6.10.1",
            "resolved": "https://registry.npmjs.org/qs/-/qs-6.10.1.tgz",
            "integrity": "sha512-M528Hph6wsSVOBiYUnGf+K/7w0hNshs/duGsNXPUCLH5XAqjEtiPGwNONLV0tBH8NoGb0mvD5JubnUTrujKDTg==",
            "requires": {
                "side-channel": "^1.0.4"
            }
        },
        "react-is": {
            "version": "16.13.1",
            "resolved": "https://registry.npmjs.org/react-is/-/react-is-16.13.1.tgz",
            "integrity": "sha512-24e6ynE2H+OKt4kqsOvNd8kBpV65zoxbA4BVsEOB3ARVWQki/DHzaUoC5KuON/BiccDaCCTZBuOcfZs70kR8bQ=="
        },
        "side-channel": {
            "version": "1.0.4",
            "resolved": "https://registry.npmjs.org/side-channel/-/side-channel-1.0.4.tgz",
            "integrity": "sha512-q5XPytqFEIKHkGdiMIrY10mvLRvnQh42/+GoBlFW3b2LXLE2xxJpZFdm94we0BaoV3RwJyGqg5wS7epxTv0Zvw==",
            "requires": {
                "call-bind": "^1.0.0",
                "get-intrinsic": "^1.0.2",
                "object-inspect": "^1.9.0"
            }
        },
        "vue-instantsearch": {
            "version": "3.5.0",
            "resolved": "https://registry.npmjs.org/vue-instantsearch/-/vue-instantsearch-3.5.0.tgz",
            "integrity": "sha512-L9fBCyUD1SM6z9ZD1JiM1yRyTqBtIzKRgxO/oRDPmFfccuh6BGwKAFBmDfbH0aZFPPI1C6i81xDSVGuwheJUnA==",
            "requires": {
                "algoliasearch-helper": "^3.1.0",
                "instantsearch.js": "^4.16.1"
            }
        }
    }
}
